// !$*UTF8*$!
{
	archiveVersion = 1;
	classes = {
	};
	objectVersion = 46;
	objects = {

/* Begin PBXBuildFile section */
		1513DE0C16E9AF6F00F63995 /* Default-568h@2x.png in Resources */ = {isa = PBXBuildFile; fileRef = 1513DE0B16E9AF6F00F63995 /* Default-568h@2x.png */; };
		1513DE0E16E9AF7600F63995 /* Default@2x.png in Resources */ = {isa = PBXBuildFile; fileRef = 1513DE0D16E9AF7600F63995 /* Default@2x.png */; };
		15CE7B07168A94FB00707588 /* libsqlite3.dylib in Frameworks */ = {isa = PBXBuildFile; fileRef = 15CE7B06168A94FB00707588 /* libsqlite3.dylib */; };
		E5D73BDB1625202800745C65 /* QuartzCore.framework in Frameworks */ = {isa = PBXBuildFile; fileRef = E5D73BDA1625202800745C65 /* QuartzCore.framework */; };
		E5D827BF16081EC400969EE2 /* UIKit.framework in Frameworks */ = {isa = PBXBuildFile; fileRef = E5D827BE16081EC400969EE2 /* UIKit.framework */; };
		E5D827C116081EC400969EE2 /* Foundation.framework in Frameworks */ = {isa = PBXBuildFile; fileRef = E5D827C016081EC400969EE2 /* Foundation.framework */; };
		E5D827C316081EC400969EE2 /* CoreGraphics.framework in Frameworks */ = {isa = PBXBuildFile; fileRef = E5D827C216081EC400969EE2 /* CoreGraphics.framework */; };
		E5D827C916081EC400969EE2 /* InfoPlist.strings in Resources */ = {isa = PBXBuildFile; fileRef = E5D827C716081EC400969EE2 /* InfoPlist.strings */; };
		E5D827CB16081EC400969EE2 /* main.m in Sources */ = {isa = PBXBuildFile; fileRef = E5D827CA16081EC400969EE2 /* main.m */; };
		E5D827CF16081EC400969EE2 /* AppDelegate.m in Sources */ = {isa = PBXBuildFile; fileRef = E5D827CE16081EC400969EE2 /* AppDelegate.m */; };
		E5D827D816081EC400969EE2 /* IndexController.m in Sources */ = {isa = PBXBuildFile; fileRef = E5D827D716081EC400969EE2 /* IndexController.m */; };
		E5D827E016081EC400969EE2 /* SenTestingKit.framework in Frameworks */ = {isa = PBXBuildFile; fileRef = E5D827DF16081EC400969EE2 /* SenTestingKit.framework */; };
		E5D827E116081EC400969EE2 /* UIKit.framework in Frameworks */ = {isa = PBXBuildFile; fileRef = E5D827BE16081EC400969EE2 /* UIKit.framework */; };
		E5D827E216081EC400969EE2 /* Foundation.framework in Frameworks */ = {isa = PBXBuildFile; fileRef = E5D827C016081EC400969EE2 /* Foundation.framework */; };
		E5D827EA16081EC400969EE2 /* InfoPlist.strings in Resources */ = {isa = PBXBuildFile; fileRef = E5D827E816081EC400969EE2 /* InfoPlist.strings */; };
		E5D827ED16081EC400969EE2 /* youliTests.m in Sources */ = {isa = PBXBuildFile; fileRef = E5D827EC16081EC400969EE2 /* youliTests.m */; };
		E5EC43C916240B070055D63B /* ImageIO.framework in Frameworks */ = {isa = PBXBuildFile; fileRef = E5EC43C816240B070055D63B /* ImageIO.framework */; };
		E5EC43CB16240B210055D63B /* MapKit.framework in Frameworks */ = {isa = PBXBuildFile; fileRef = E5EC43CA16240B210055D63B /* MapKit.framework */; };
/* End PBXBuildFile section */

/* Begin PBXContainerItemProxy section */
		E5D827E316081EC400969EE2 /* PBXContainerItemProxy */ = {
			isa = PBXContainerItemProxy;
			containerPortal = E5D827B116081EC300969EE2 /* Project object */;
			proxyType = 1;
			remoteGlobalIDString = E5D827B916081EC400969EE2;
			remoteInfo = youli;
		};
/* End PBXContainerItemProxy section */

/* Begin PBXFileReference section */
		1513DE0B16E9AF6F00F63995 /* Default-568h@2x.png */ = {isa = PBXFileReference; lastKnownFileType = image.png; path = "Default-568h@2x.png"; sourceTree = "<group>"; };
		1513DE0D16E9AF7600F63995 /* Default@2x.png */ = {isa = PBXFileReference; lastKnownFileType = image.png; path = "Default@2x.png"; sourceTree = "<group>"; };
		15CE7B06168A94FB00707588 /* libsqlite3.dylib */ = {isa = PBXFileReference; lastKnownFileType = "compiled.mach-o.dylib"; name = libsqlite3.dylib; path = usr/lib/libsqlite3.dylib; sourceTree = SDKROOT; };
		E5D73BDA1625202800745C65 /* QuartzCore.framework */ = {isa = PBXFileReference; lastKnownFileType = wrapper.framework; name = QuartzCore.framework; path = System/Library/Frameworks/QuartzCore.framework; sourceTree = SDKROOT; };
		E5D827BA16081EC400969EE2 /* 友礼.app */ = {isa = PBXFileReference; explicitFileType = wrapper.application; includeInIndex = 0; path = "友礼.app"; sourceTree = BUILT_PRODUCTS_DIR; };
		E5D827BE16081EC400969EE2 /* UIKit.framework */ = {isa = PBXFileReference; lastKnownFileType = wrapper.framework; name = UIKit.framework; path = System/Library/Frameworks/UIKit.framework; sourceTree = SDKROOT; };
		E5D827C016081EC400969EE2 /* Foundation.framework */ = {isa = PBXFileReference; lastKnownFileType = wrapper.framework; name = Foundation.framework; path = System/Library/Frameworks/Foundation.framework; sourceTree = SDKROOT; };
		E5D827C216081EC400969EE2 /* CoreGraphics.framework */ = {isa = PBXFileReference; lastKnownFileType = wrapper.framework; name = CoreGraphics.framework; path = System/Library/Frameworks/CoreGraphics.framework; sourceTree = SDKROOT; };
		E5D827C616081EC400969EE2 /* youli-Info.plist */ = {isa = PBXFileReference; lastKnownFileType = text.plist.xml; path = "youli-Info.plist"; sourceTree = "<group>"; };
		E5D827C816081EC400969EE2 /* en */ = {isa = PBXFileReference; lastKnownFileType = text.plist.strings; name = en; path = en.lproj/InfoPlist.strings; sourceTree = "<group>"; };
		E5D827CA16081EC400969EE2 /* main.m */ = {isa = PBXFileReference; lastKnownFileType = sourcecode.c.objc; path = main.m; sourceTree = "<group>"; };
		E5D827CC16081EC400969EE2 /* youli-Prefix.pch */ = {isa = PBXFileReference; lastKnownFileType = sourcecode.c.h; path = "youli-Prefix.pch"; sourceTree = "<group>"; };
		E5D827CD16081EC400969EE2 /* AppDelegate.h */ = {isa = PBXFileReference; lastKnownFileType = sourcecode.c.h; path = AppDelegate.h; sourceTree = "<group>"; };
		E5D827CE16081EC400969EE2 /* AppDelegate.m */ = {isa = PBXFileReference; lastKnownFileType = sourcecode.c.objc; path = AppDelegate.m; sourceTree = "<group>"; };
		E5D827D616081EC400969EE2 /* IndexController.h */ = {isa = PBXFileReference; lastKnownFileType = sourcecode.c.h; path = IndexController.h; sourceTree = "<group>"; };
		E5D827D716081EC400969EE2 /* IndexController.m */ = {isa = PBXFileReference; lastKnownFileType = sourcecode.c.objc; path = IndexController.m; sourceTree = "<group>"; };
		E5D827DE16081EC400969EE2 /* youliTests.octest */ = {isa = PBXFileReference; explicitFileType = wrapper.cfbundle; includeInIndex = 0; path = youliTests.octest; sourceTree = BUILT_PRODUCTS_DIR; };
		E5D827DF16081EC400969EE2 /* SenTestingKit.framework */ = {isa = PBXFileReference; lastKnownFileType = wrapper.framework; name = SenTestingKit.framework; path = Library/Frameworks/SenTestingKit.framework; sourceTree = DEVELOPER_DIR; };
		E5D827E716081EC400969EE2 /* youliTests-Info.plist */ = {isa = PBXFileReference; lastKnownFileType = text.plist.xml; path = "youliTests-Info.plist"; sourceTree = "<group>"; };
		E5D827E916081EC400969EE2 /* en */ = {isa = PBXFileReference; lastKnownFileType = text.plist.strings; name = en; path = en.lproj/InfoPlist.strings; sourceTree = "<group>"; };
		E5D827EB16081EC400969EE2 /* youliTests.h */ = {isa = PBXFileReference; lastKnownFileType = sourcecode.c.h; path = youliTests.h; sourceTree = "<group>"; };
		E5D827EC16081EC400969EE2 /* youliTests.m */ = {isa = PBXFileReference; lastKnownFileType = sourcecode.c.objc; path = youliTests.m; sourceTree = "<group>"; };
		E5EC43C816240B070055D63B /* ImageIO.framework */ = {isa = PBXFileReference; lastKnownFileType = wrapper.framework; name = ImageIO.framework; path = System/Library/Frameworks/ImageIO.framework; sourceTree = SDKROOT; };
		E5EC43CA16240B210055D63B /* MapKit.framework */ = {isa = PBXFileReference; lastKnownFileType = wrapper.framework; name = MapKit.framework; path = System/Library/Frameworks/MapKit.framework; sourceTree = SDKROOT; };
/* End PBXFileReference section */

/* Begin PBXFrameworksBuildPhase section */
		E5D827B716081EC400969EE2 /* Frameworks */ = {
			isa = PBXFrameworksBuildPhase;
			buildActionMask = 2147483647;
			files = (
				15CE7B07168A94FB00707588 /* libsqlite3.dylib in Frameworks */,
				E5D73BDB1625202800745C65 /* QuartzCore.framework in Frameworks */,
				E5EC43CB16240B210055D63B /* MapKit.framework in Frameworks */,
				E5EC43C916240B070055D63B /* ImageIO.framework in Frameworks */,
				E5D827BF16081EC400969EE2 /* UIKit.framework in Frameworks */,
				E5D827C116081EC400969EE2 /* Foundation.framework in Frameworks */,
				E5D827C316081EC400969EE2 /* CoreGraphics.framework in Frameworks */,
			);
			runOnlyForDeploymentPostprocessing = 0;
		};
		E5D827DA16081EC400969EE2 /* Frameworks */ = {
			isa = PBXFrameworksBuildPhase;
			buildActionMask = 2147483647;
			files = (
				E5D827E016081EC400969EE2 /* SenTestingKit.framework in Frameworks */,
				E5D827E116081EC400969EE2 /* UIKit.framework in Frameworks */,
				E5D827E216081EC400969EE2 /* Foundation.framework in Frameworks */,
			);
			runOnlyForDeploymentPostprocessing = 0;
		};
/* End PBXFrameworksBuildPhase section */

/* Begin PBXGroup section */
		15D7CE8D1648E5870088E49F /* Controllers */ = {
			isa = PBXGroup;
			children = (
				E5D827D616081EC400969EE2 /* IndexController.h */,
				E5D827D716081EC400969EE2 /* IndexController.m */,
			);
			name = Controllers;
			sourceTree = "<group>";
		};
		E5D827AF16081EC300969EE2 = {
			isa = PBXGroup;
			children = (
				1513DE0D16E9AF7600F63995 /* Default@2x.png */,
				1513DE0B16E9AF6F00F63995 /* Default-568h@2x.png */,
				E5D827C416081EC400969EE2 /* youli */,
				E5D827E516081EC400969EE2 /* youliTests */,
				E5D827BD16081EC400969EE2 /* Frameworks */,
				E5D827BB16081EC400969EE2 /* Products */,
			);
			sourceTree = "<group>";
		};
		E5D827BB16081EC400969EE2 /* Products */ = {
			isa = PBXGroup;
			children = (
				E5D827BA16081EC400969EE2 /* 友礼.app */,
				E5D827DE16081EC400969EE2 /* youliTests.octest */,
			);
			name = Products;
			sourceTree = "<group>";
		};
		E5D827BD16081EC400969EE2 /* Frameworks */ = {
			isa = PBXGroup;
			children = (
				15CE7B06168A94FB00707588 /* libsqlite3.dylib */,
				E5D73BDA1625202800745C65 /* QuartzCore.framework */,
				E5EC43CA16240B210055D63B /* MapKit.framework */,
				E5EC43C816240B070055D63B /* ImageIO.framework */,
				E5D827BE16081EC400969EE2 /* UIKit.framework */,
				E5D827C016081EC400969EE2 /* Foundation.framework */,
				E5D827C216081EC400969EE2 /* CoreGraphics.framework */,
				E5D827DF16081EC400969EE2 /* SenTestingKit.framework */,
			);
			name = Frameworks;
			sourceTree = "<group>";
		};
		E5D827C416081EC400969EE2 /* youli */ = {
			isa = PBXGroup;
			children = (
				15D7CE8D1648E5870088E49F /* Controllers */,
				E5D827C516081EC400969EE2 /* Supporting Files */,
				E5D827CD16081EC400969EE2 /* AppDelegate.h */,
				E5D827CE16081EC400969EE2 /* AppDelegate.m */,
			);
			path = youli;
			sourceTree = "<group>";
		};
		E5D827C516081EC400969EE2 /* Supporting Files */ = {
			isa = PBXGroup;
			children = (
				E5D827CA16081EC400969EE2 /* main.m */,
				E5D827CC16081EC400969EE2 /* youli-Prefix.pch */,
				E5D827C616081EC400969EE2 /* youli-Info.plist */,
				E5D827C716081EC400969EE2 /* InfoPlist.strings */,
			);
			name = "Supporting Files";
			sourceTree = "<group>";
		};
		E5D827E516081EC400969EE2 /* youliTests */ = {
			isa = PBXGroup;
			children = (
				E5D827EB16081EC400969EE2 /* youliTests.h */,
				E5D827EC16081EC400969EE2 /* youliTests.m */,
				E5D827E616081EC400969EE2 /* Supporting Files */,
			);
			path = youliTests;
			sourceTree = "<group>";
		};
		E5D827E616081EC400969EE2 /* Supporting Files */ = {
			isa = PBXGroup;
			children = (
				E5D827E716081EC400969EE2 /* youliTests-Info.plist */,
				E5D827E816081EC400969EE2 /* InfoPlist.strings */,
			);
			name = "Supporting Files";
			sourceTree = "<group>";
		};
/* End PBXGroup section */

/* Begin PBXNativeTarget section */
		E5D827B916081EC400969EE2 /* youli */ = {
			isa = PBXNativeTarget;
			buildConfigurationList = E5D827F016081EC400969EE2 /* Build configuration list for PBXNativeTarget "youli" */;
			buildPhases = (
				E5D827B616081EC400969EE2 /* Sources */,
				E5D827B716081EC400969EE2 /* Frameworks */,
				E5D827B816081EC400969EE2 /* Resources */,
			);
			buildRules = (
			);
			dependencies = (
			);
			name = youli;
			productName = youli;
			productReference = E5D827BA16081EC400969EE2 /* 友礼.app */;
			productType = "com.apple.product-type.application";
		};
		E5D827DD16081EC400969EE2 /* youliTests */ = {
			isa = PBXNativeTarget;
			buildConfigurationList = E5D827F316081EC400969EE2 /* Build configuration list for PBXNativeTarget "youliTests" */;
			buildPhases = (
				E5D827D916081EC400969EE2 /* Sources */,
				E5D827DA16081EC400969EE2 /* Frameworks */,
				E5D827DB16081EC400969EE2 /* Resources */,
				E5D827DC16081EC400969EE2 /* ShellScript */,
			);
			buildRules = (
			);
			dependencies = (
				E5D827E416081EC400969EE2 /* PBXTargetDependency */,
			);
			name = youliTests;
			productName = youliTests;
			productReference = E5D827DE16081EC400969EE2 /* youliTests.octest */;
			productType = "com.apple.product-type.bundle";
		};
/* End PBXNativeTarget section */

/* Begin PBXProject section */
		E5D827B116081EC300969EE2 /* Project object */ = {
			isa = PBXProject;
			attributes = {
				LastUpgradeCheck = 0430;
			};
			buildConfigurationList = E5D827B416081EC300969EE2 /* Build configuration list for PBXProject "youli" */;
			compatibilityVersion = "Xcode 3.2";
			developmentRegion = English;
			hasScannedForEncodings = 0;
			knownRegions = (
				en,
				"zh-Hans",
				"zh-Hant",
			);
			mainGroup = E5D827AF16081EC300969EE2;
			productRefGroup = E5D827BB16081EC400969EE2 /* Products */;
			projectDirPath = "";
			projectRoot = "";
			targets = (
				E5D827B916081EC400969EE2 /* youli */,
				E5D827DD16081EC400969EE2 /* youliTests */,
			);
		};
/* End PBXProject section */

/* Begin PBXResourcesBuildPhase section */
		E5D827B816081EC400969EE2 /* Resources */ = {
			isa = PBXResourcesBuildPhase;
			buildActionMask = 2147483647;
			files = (
				E5D827C916081EC400969EE2 /* InfoPlist.strings in Resources */,
				1513DE0C16E9AF6F00F63995 /* Default-568h@2x.png in Resources */,
				1513DE0E16E9AF7600F63995 /* Default@2x.png in Resources */,
			);
			runOnlyForDeploymentPostprocessing = 0;
		};
		E5D827DB16081EC400969EE2 /* Resources */ = {
			isa = PBXResourcesBuildPhase;
			buildActionMask = 2147483647;
			files = (
				E5D827EA16081EC400969EE2 /* InfoPlist.strings in Resources */,
			);
			runOnlyForDeploymentPostprocessing = 0;
		};
/* End PBXResourcesBuildPhase section */

/* Begin PBXShellScriptBuildPhase section */
		E5D827DC16081EC400969EE2 /* ShellScript */ = {
			isa = PBXShellScriptBuildPhase;
			buildActionMask = 2147483647;
			files = (
			);
			inputPaths = (
			);
			outputPaths = (
			);
			runOnlyForDeploymentPostprocessing = 0;
			shellPath = /bin/sh;
			shellScript = "# Run the unit tests in this test bundle.\n\"${SYSTEM_DEVELOPER_DIR}/Tools/RunUnitTests\"\n";
		};
/* End PBXShellScriptBuildPhase section */

/* Begin PBXSourcesBuildPhase section */
		E5D827B616081EC400969EE2 /* Sources */ = {
			isa = PBXSourcesBuildPhase;
			buildActionMask = 2147483647;
			files = (
				E5D827CB16081EC400969EE2 /* main.m in Sources */,
				E5D827CF16081EC400969EE2 /* AppDelegate.m in Sources */,
				E5D827D816081EC400969EE2 /* IndexController.m in Sources */,
			);
			runOnlyForDeploymentPostprocessing = 0;
		};
		E5D827D916081EC400969EE2 /* Sources */ = {
			isa = PBXSourcesBuildPhase;
			buildActionMask = 2147483647;
			files = (
				E5D827ED16081EC400969EE2 /* youliTests.m in Sources */,
			);
			runOnlyForDeploymentPostprocessing = 0;
		};
/* End PBXSourcesBuildPhase section */

/* Begin PBXTargetDependency section */
		E5D827E416081EC400969EE2 /* PBXTargetDependency */ = {
			isa = PBXTargetDependency;
			target = E5D827B916081EC400969EE2 /* youli */;
			targetProxy = E5D827E316081EC400969EE2 /* PBXContainerItemProxy */;
		};
/* End PBXTargetDependency section */

/* Begin PBXVariantGroup section */
		E5D827C716081EC400969EE2 /* InfoPlist.strings */ = {
			isa = PBXVariantGroup;
			children = (
				E5D827C816081EC400969EE2 /* en */,
			);
			name = InfoPlist.strings;
			sourceTree = "<group>";
		};
		E5D827E816081EC400969EE2 /* InfoPlist.strings */ = {
			isa = PBXVariantGroup;
			children = (
				E5D827E916081EC400969EE2 /* en */,
			);
			name = InfoPlist.strings;
			sourceTree = "<group>";
		};
/* End PBXVariantGroup section */

/* Begin XCBuildConfiguration section */
		E5D827EE16081EC400969EE2 /* Debug */ = {
			isa = XCBuildConfiguration;
			buildSettings = {
				ALWAYS_SEARCH_USER_PATHS = NO;
				ARCHS = "$(ARCHS_STANDARD_32_BIT)";
				CLANG_ENABLE_OBJC_ARC = YES;
				"CODE_SIGN_IDENTITY[sdk=iphoneos*]" = "iPhone Developer";
				COPY_PHASE_STRIP = NO;
				GCC_C_LANGUAGE_STANDARD = gnu99;
				GCC_DYNAMIC_NO_PIC = NO;
				GCC_OPTIMIZATION_LEVEL = 0;
				GCC_PREPROCESSOR_DEFINITIONS = (
					"DEBUG=1",
					"$(inherited)",
				);
				GCC_SYMBOLS_PRIVATE_EXTERN = NO;
				GCC_VERSION = com.apple.compilers.llvm.clang.1_0;
				GCC_WARN_ABOUT_RETURN_TYPE = YES;
				GCC_WARN_UNINITIALIZED_AUTOS = YES;
				GCC_WARN_UNUSED_VARIABLE = YES;
				IPHONEOS_DEPLOYMENT_TARGET = 5.1;
				SDKROOT = iphoneos;
				TARGETED_DEVICE_FAMILY = "1,2";
			};
			name = Debug;
		};
		E5D827EF16081EC400969EE2 /* Release */ = {
			isa = XCBuildConfiguration;
			buildSettings = {
				ALWAYS_SEARCH_USER_PATHS = NO;
				ARCHS = "$(ARCHS_STANDARD_32_BIT)";
				CLANG_ENABLE_OBJC_ARC = YES;
				"CODE_SIGN_IDENTITY[sdk=iphoneos*]" = "iPhone Developer";
				COPY_PHASE_STRIP = YES;
				GCC_C_LANGUAGE_STANDARD = gnu99;
				GCC_VERSION = com.apple.compilers.llvm.clang.1_0;
				GCC_WARN_ABOUT_RETURN_TYPE = YES;
				GCC_WARN_UNINITIALIZED_AUTOS = YES;
				GCC_WARN_UNUSED_VARIABLE = YES;
				IPHONEOS_DEPLOYMENT_TARGET = 5.1;
				OTHER_CFLAGS = "-DNS_BLOCK_ASSERTIONS=1";
				SDKROOT = iphoneos;
				TARGETED_DEVICE_FAMILY = "1,2";
				VALIDATE_PRODUCT = YES;
			};
			name = Release;
		};
		E5D827F116081EC400969EE2 /* Debug */ = {
			isa = XCBuildConfiguration;
			buildSettings = {
				CLANG_ENABLE_OBJC_ARC = YES;
				GCC_PRECOMPILE_PREFIX_HEADER = YES;
				GCC_PREFIX_HEADER = "youli/youli-Prefix.pch";
				GCC_VERSION = com.apple.compilers.llvm.clang.1_0;
				HEADER_SEARCH_PATHS = (
					"$(TARGET_BUILD_DIR)/usr/local/lib/include",
					"$(OBJROOT)/UninstalledProducts/include",
				);
				INFOPLIST_FILE = "youli/youli-Info.plist";
				IPHONEOS_DEPLOYMENT_TARGET = 5.1;
				LIBRARY_SEARCH_PATHS = (
					"$(inherited)",
					"\"$(SRCROOT)/../../top sdk/top ios\"",
					"\"$(SRCROOT)/../../weibo/JimLiu-WeiboSDK-815d480/archives/v1/SinaWeiboOAuthDemo/Classes/WeiboEngine\"",
				);
				OTHER_LDFLAGS = "";
				PRODUCT_NAME = "友礼";
				TARGETED_DEVICE_FAMILY = 1;
				VALIDATE_PRODUCT = YES;
				WRAPPER_EXTENSION = app;
			};
			name = Debug;
		};
		E5D827F216081EC400969EE2 /* Release */ = {
			isa = XCBuildConfiguration;
			buildSettings = {
				CLANG_ENABLE_OBJC_ARC = YES;
				GCC_PRECOMPILE_PREFIX_HEADER = YES;
				GCC_PREFIX_HEADER = "youli/youli-Prefix.pch";
				GCC_VERSION = com.apple.compilers.llvm.clang.1_0;
				HEADER_SEARCH_PATHS = (
					"$(TARGET_BUILD_DIR)/usr/local/lib/include",
					"$(OBJROOT)/UninstalledProducts/include",
				);
				INFOPLIST_FILE = "youli/youli-Info.plist";
				IPHONEOS_DEPLOYMENT_TARGET = 5.1;
				LIBRARY_SEARCH_PATHS = (
					"$(inherited)",
					"\"$(SRCROOT)/../../top sdk/top ios\"",
					"\"$(SRCROOT)/../../weibo/JimLiu-WeiboSDK-815d480/archives/v1/SinaWeiboOAuthDemo/Classes/WeiboEngine\"",
				);
				OTHER_LDFLAGS = "";
				PRODUCT_NAME = "友礼";
				TARGETED_DEVICE_FAMILY = 1;
				VALIDATE_PRODUCT = YES;
				WRAPPER_EXTENSION = app;
			};
			name = Release;
		};
		E5D827F416081EC400969EE2 /* Debug */ = {
			isa = XCBuildConfiguration;
			buildSettings = {
				BUNDLE_LOADER = "$(BUILT_PRODUCTS_DIR)/youli.app/youli";
				FRAMEWORK_SEARCH_PATHS = (
					"$(SDKROOT)/Developer/Library/Frameworks",
					"$(DEVELOPER_LIBRARY_DIR)/Frameworks",
				);
				GCC_PRECOMPILE_PREFIX_HEADER = YES;
				GCC_PREFIX_HEADER = "youli/youli-Prefix.pch";
				INFOPLIST_FILE = "youliTests/youliTests-Info.plist";
				PRODUCT_NAME = "$(TARGET_NAME)";
				TEST_HOST = "$(BUNDLE_LOADER)";
				WRAPPER_EXTENSION = octest;
			};
			name = Debug;
		};
		E5D827F516081EC400969EE2 /* Release */ = {
			isa = XCBuildConfiguration;
			buildSettings = {
				BUNDLE_LOADER = "$(BUILT_PRODUCTS_DIR)/youli.app/youli";
				FRAMEWORK_SEARCH_PATHS = (
					"$(SDKROOT)/Developer/Library/Frameworks",
					"$(DEVELOPER_LIBRARY_DIR)/Frameworks",
				);
				GCC_PRECOMPILE_PREFIX_HEADER = YES;
				GCC_PREFIX_HEADER = "youli/youli-Prefix.pch";
				INFOPLIST_FILE = "youliTests/youliTests-Info.plist";
				PRODUCT_NAME = "$(TARGET_NAME)";
				TEST_HOST = "$(BUNDLE_LOADER)";
				WRAPPER_EXTENSION = octest;
			};
			name = Release;
		};
/* End XCBuildConfiguration section */

/* Begin XCConfigurationList section */
		E5D827B416081EC300969EE2 /* Build configuration list for PBXProject "youli" */ = {
			isa = XCConfigurationList;
			buildConfigurations = (
				E5D827EE16081EC400969EE2 /* Debug */,
				E5D827EF16081EC400969EE2 /* Release */,
			);
			defaultConfigurationIsVisible = 0;
			defaultConfigurationName = Release;
		};
		E5D827F016081EC400969EE2 /* Build configuration list for PBXNativeTarget "youli" */ = {
			isa = XCConfigurationList;
			buildConfigurations = (
				E5D827F116081EC400969EE2 /* Debug */,
				E5D827F216081EC400969EE2 /* Release */,
			);
			defaultConfigurationIsVisible = 0;
			defaultConfigurationName = Release;
		};
		E5D827F316081EC400969EE2 /* Build configuration list for PBXNativeTarget "youliTests" */ = {
			isa = XCConfigurationList;
			buildConfigurations = (
				E5D827F416081EC400969EE2 /* Debug */,
				E5D827F516081EC400969EE2 /* Release */,
			);
			defaultConfigurationIsVisible = 0;
			defaultConfigurationName = Release;
		};
/* End XCConfigurationList section */
	};
	rootObject = E5D827B116081EC300969EE2 /* Project object */;
}
